<Project xmlns="http://schemas.microsoft.com/developer/msbuild/2003">
    <PropertyGroup>
        <ProjectGuid>{B0971E12-0C10-4669-AF3D-1A101E6C8D8D}</ProjectGuid>
        <MainSource>Trysil.Tests.Runner.dpr</MainSource>
        <Base>True</Base>
        <Config Condition="'$(Config)'==''">Debug</Config>
        <ProjectName Condition="'$(ProjectName)'==''">Trysil.Tests.Runner</ProjectName>
        <TargetedPlatforms>3</TargetedPlatforms>
        <AppType>Console</AppType>
        <FrameworkType>None</FrameworkType>
        <ProjectVersion>20.4</ProjectVersion>
        <Platform Condition="'$(Platform)'==''">Win64</Platform>
    </PropertyGroup>
    <PropertyGroup Condition="'$(Config)'=='Base' or '$(Base)'!=''">
        <Base>true</Base>
    </PropertyGroup>
    <PropertyGroup Condition="('$(Platform)'=='Android' and '$(Base)'=='true') or '$(Base_Android)'!=''">
        <Base_Android>true</Base_Android>
        <CfgParent>Base</CfgParent>
        <Base>true</Base>
    </PropertyGroup>
    <PropertyGroup Condition="('$(Platform)'=='Android64' and '$(Base)'=='true') or '$(Base_Android64)'!=''">
        <Base_Android64>true</Base_Android64>
        <CfgParent>Base</CfgParent>
        <Base>true</Base>
    </PropertyGroup>
    <PropertyGroup Condition="('$(Platform)'=='iOSDevice64' and '$(Base)'=='true') or '$(Base_iOSDevice64)'!=''">
        <Base_iOSDevice64>true</Base_iOSDevice64>
        <CfgParent>Base</CfgParent>
        <Base>true</Base>
    </PropertyGroup>
    <PropertyGroup Condition="('$(Platform)'=='Win32' and '$(Base)'=='true') or '$(Base_Win32)'!=''">
        <Base_Win32>true</Base_Win32>
        <CfgParent>Base</CfgParent>
        <Base>true</Base>
    </PropertyGroup>
    <PropertyGroup Condition="('$(Platform)'=='Win64' and '$(Base)'=='true') or '$(Base_Win64)'!=''">
        <Base_Win64>true</Base_Win64>
        <CfgParent>Base</CfgParent>
        <Base>true</Base>
    </PropertyGroup>
    <PropertyGroup Condition="'$(Config)'=='Release' or '$(Cfg_1)'!=''">
        <Cfg_1>true</Cfg_1>
        <CfgParent>Base</CfgParent>
        <Base>true</Base>
    </PropertyGroup>
    <PropertyGroup Condition="('$(Platform)'=='Win32' and '$(Cfg_1)'=='true') or '$(Cfg_1_Win32)'!=''">
        <Cfg_1_Win32>true</Cfg_1_Win32>
        <CfgParent>Cfg_1</CfgParent>
        <Cfg_1>true</Cfg_1>
        <Base>true</Base>
    </PropertyGroup>
    <PropertyGroup Condition="('$(Platform)'=='Win64' and '$(Cfg_1)'=='true') or '$(Cfg_1_Win64)'!=''">
        <Cfg_1_Win64>true</Cfg_1_Win64>
        <CfgParent>Cfg_1</CfgParent>
        <Cfg_1>true</Cfg_1>
        <Base>true</Base>
    </PropertyGroup>
    <PropertyGroup Condition="'$(Config)'=='Debug' or '$(Cfg_2)'!=''">
        <Cfg_2>true</Cfg_2>
        <CfgParent>Base</CfgParent>
        <Base>true</Base>
    </PropertyGroup>
    <PropertyGroup Condition="('$(Platform)'=='Android64' and '$(Cfg_2)'=='true') or '$(Cfg_2_Android64)'!=''">
        <Cfg_2_Android64>true</Cfg_2_Android64>
        <CfgParent>Cfg_2</CfgParent>
        <Cfg_2>true</Cfg_2>
        <Base>true</Base>
    </PropertyGroup>
    <PropertyGroup Condition="('$(Platform)'=='iOSDevice64' and '$(Cfg_2)'=='true') or '$(Cfg_2_iOSDevice64)'!=''">
        <Cfg_2_iOSDevice64>true</Cfg_2_iOSDevice64>
        <CfgParent>Cfg_2</CfgParent>
        <Cfg_2>true</Cfg_2>
        <Base>true</Base>
    </PropertyGroup>
    <PropertyGroup Condition="('$(Platform)'=='OSX64' and '$(Cfg_2)'=='true') or '$(Cfg_2_OSX64)'!=''">
        <Cfg_2_OSX64>true</Cfg_2_OSX64>
        <CfgParent>Cfg_2</CfgParent>
        <Cfg_2>true</Cfg_2>
        <Base>true</Base>
    </PropertyGroup>
    <PropertyGroup Condition="('$(Platform)'=='OSXARM64' and '$(Cfg_2)'=='true') or '$(Cfg_2_OSXARM64)'!=''">
        <Cfg_2_OSXARM64>true</Cfg_2_OSXARM64>
        <CfgParent>Cfg_2</CfgParent>
        <Cfg_2>true</Cfg_2>
        <Base>true</Base>
    </PropertyGroup>
    <PropertyGroup Condition="('$(Platform)'=='Win32' and '$(Cfg_2)'=='true') or '$(Cfg_2_Win32)'!=''">
        <Cfg_2_Win32>true</Cfg_2_Win32>
        <CfgParent>Cfg_2</CfgParent>
        <Cfg_2>true</Cfg_2>
        <Base>true</Base>
    </PropertyGroup>
    <PropertyGroup Condition="('$(Platform)'=='Win64' and '$(Cfg_2)'=='true') or '$(Cfg_2_Win64)'!=''">
        <Cfg_2_Win64>true</Cfg_2_Win64>
        <CfgParent>Cfg_2</CfgParent>
        <Cfg_2>true</Cfg_2>
        <Base>true</Base>
    </PropertyGroup>
    <PropertyGroup Condition="'$(Base)'!=''">
        <DCC_E>false</DCC_E>
        <DCC_F>false</DCC_F>
        <DCC_K>false</DCC_K>
        <DCC_N>false</DCC_N>
        <DCC_S>false</DCC_S>
        <DCC_ImageBase>00400000</DCC_ImageBase>
        <SanitizedProjectName>Trysil_Tests_Runner</SanitizedProjectName>
        <VerInfo_Locale>1040</VerInfo_Locale>
        <VerInfo_Keys>CompanyName=;FileDescription=;FileVersion=1.0.0.0;InternalName=;LegalCopyright=;LegalTrademarks=;OriginalFilename=;ProductName=;ProductVersion=1.0.0.0;Comments=;CFBundleName=</VerInfo_Keys>
        <Icon_MainIcon>$(BDS)\bin\delphi_PROJECTICON.ico</Icon_MainIcon>
        <Icns_MainIcns>$(BDS)\bin\delphi_PROJECTICNS.icns</Icns_MainIcns>
        <DCC_ExeOutput>.\$(Platform)\$(Config)</DCC_ExeOutput>
        <DCC_DcuOutput>.\$(Platform)\$(Config)\Dcu</DCC_DcuOutput>
        <DCC_UnitSearchPath>..\Trysil;..\Trysil\Data;..\Trysil\Data\FireDAC;..\Trysil\Data\SqlSyntax;..\Trysil.JSon;..\Trysil.Http;..\Trysil.Http\Authentication;..\Trysil.Http\Log;..\Trysil.Http\MultiTenant;$(DCC_UnitSearchPath)</DCC_UnitSearchPath>
        <DCC_MapFile>3</DCC_MapFile>
    </PropertyGroup>
    <PropertyGroup Condition="'$(Base_Android)'!=''">
        <VerInfo_Keys>package=com.embarcadero.$(MSBuildProjectName);label=$(MSBuildProjectName);versionCode=1;versionName=1.0.0;persistent=False;restoreAnyVersion=False;installLocation=auto;largeHeap=False;theme=TitleBar;hardwareAccelerated=true;apiKey=;minSdkVersion=23;targetSdkVersion=36</VerInfo_Keys>
        <BT_BuildType>Debug</BT_BuildType>
        <Android_LauncherIcon36>$(BDS)\bin\Artwork\Android\FM_LauncherIcon_36x36.png</Android_LauncherIcon36>
        <Android_LauncherIcon48>$(BDS)\bin\Artwork\Android\FM_LauncherIcon_48x48.png</Android_LauncherIcon48>
        <Android_LauncherIcon72>$(BDS)\bin\Artwork\Android\FM_LauncherIcon_72x72.png</Android_LauncherIcon72>
        <Android_LauncherIcon96>$(BDS)\bin\Artwork\Android\FM_LauncherIcon_96x96.png</Android_LauncherIcon96>
        <Android_LauncherIcon144>$(BDS)\bin\Artwork\Android\FM_LauncherIcon_144x144.png</Android_LauncherIcon144>
        <Android_SplashImage426>$(BDS)\bin\Artwork\Android\FM_SplashImage_426x320.png</Android_SplashImage426>
        <Android_SplashImage470>$(BDS)\bin\Artwork\Android\FM_SplashImage_470x320.png</Android_SplashImage470>
        <Android_SplashImage640>$(BDS)\bin\Artwork\Android\FM_SplashImage_640x480.png</Android_SplashImage640>
        <Android_SplashImage960>$(BDS)\bin\Artwork\Android\FM_SplashImage_960x720.png</Android_SplashImage960>
        <AUP_ACCESS_COARSE_LOCATION>true</AUP_ACCESS_COARSE_LOCATION>
        <AUP_ACCESS_FINE_LOCATION>true</AUP_ACCESS_FINE_LOCATION>
        <AUP_CALL_PHONE>true</AUP_CALL_PHONE>
        <AUP_CAMERA>true</AUP_CAMERA>
        <AUP_INTERNET>true</AUP_INTERNET>
        <AUP_READ_CALENDAR>true</AUP_READ_CALENDAR>
        <AUP_READ_EXTERNAL_STORAGE>true</AUP_READ_EXTERNAL_STORAGE>
        <AUP_WRITE_CALENDAR>true</AUP_WRITE_CALENDAR>
        <AUP_WRITE_EXTERNAL_STORAGE>true</AUP_WRITE_EXTERNAL_STORAGE>
        <AUP_READ_PHONE_STATE>true</AUP_READ_PHONE_STATE>
        <Android_NotificationIcon24>$(BDS)\bin\Artwork\Android\FM_NotificationIcon_24x24.png</Android_NotificationIcon24>
        <Android_NotificationIcon36>$(BDS)\bin\Artwork\Android\FM_NotificationIcon_36x36.png</Android_NotificationIcon36>
        <Android_NotificationIcon48>$(BDS)\bin\Artwork\Android\FM_NotificationIcon_48x48.png</Android_NotificationIcon48>
        <Android_NotificationIcon72>$(BDS)\bin\Artwork\Android\FM_NotificationIcon_72x72.png</Android_NotificationIcon72>
        <Android_NotificationIcon96>$(BDS)\bin\Artwork\Android\FM_NotificationIcon_96x96.png</Android_NotificationIcon96>
        <Android_LauncherIcon192>$(BDS)\bin\Artwork\Android\FM_LauncherIcon_192x192.png</Android_LauncherIcon192>
        <EnabledSysJars>activity-1.7.2.dex.jar;annotation-experimental-1.4.1.dex.jar;annotation-jvm-1.8.1.dex.jar;annotations-23.0.0.dex.jar;appcompat-1.2.0.dex.jar;appcompat-resources-1.2.0.dex.jar;billing-7.1.1.dex.jar;biometric-1.1.0.dex.jar;browser-1.4.0.dex.jar;cloud-messaging.dex.jar;collection-jvm-1.4.2.dex.jar;concurrent-futures-1.1.0.dex.jar;core-1.17.0.dex.jar;core-common-2.2.0.dex.jar;core-ktx-1.17.0.dex.jar;core-runtime-2.2.0.dex.jar;core-viewtree-1.0.0.dex.jar;cursoradapter-1.0.0.dex.jar;customview-1.0.0.dex.jar;documentfile-1.0.0.dex.jar;drawerlayout-1.0.0.dex.jar;error_prone_annotations-2.9.0.dex.jar;exifinterface-1.3.6.dex.jar;firebase-annotations-16.2.0.dex.jar;firebase-common-20.3.1.dex.jar;firebase-components-17.1.0.dex.jar;firebase-datatransport-18.1.7.dex.jar;firebase-encoders-17.0.0.dex.jar;firebase-encoders-json-18.0.0.dex.jar;firebase-encoders-proto-16.0.0.dex.jar;firebase-iid-interop-17.1.0.dex.jar;firebase-installations-17.1.3.dex.jar;firebase-installations-interop-17.1.0.dex.jar;firebase-measurement-connector-19.0.0.dex.jar;firebase-messaging-23.1.2.dex.jar;fmx.dex.jar;fragment-1.2.5.dex.jar;google-play-licensing.dex.jar;interpolator-1.0.0.dex.jar;javax.inject-1.dex.jar;jspecify-1.0.0.dex.jar;kotlin-stdlib-2.1.21.dex.jar;kotlinx-coroutines-android-1.8.1.dex.jar;kotlinx-coroutines-core-jvm-1.8.1.dex.jar;legacy-support-core-utils-1.0.0.dex.jar;lifecycle-common-2.6.2.dex.jar;lifecycle-livedata-2.6.2.dex.jar;lifecycle-livedata-core-2.6.2.dex.jar;lifecycle-runtime-2.6.2.dex.jar;lifecycle-service-2.6.2.dex.jar;lifecycle-viewmodel-2.6.2.dex.jar;lifecycle-viewmodel-savedstate-2.6.2.dex.jar;listenablefuture-1.0.dex.jar;loader-1.0.0.dex.jar;localbroadcastmanager-1.0.0.dex.jar;okio-jvm-3.4.0.dex.jar;play-services-ads-22.2.0.dex.jar;play-services-ads-base-22.2.0.dex.jar;play-services-ads-identifier-18.0.0.dex.jar;play-services-ads-lite-22.2.0.dex.jar;play-services-appset-16.0.1.dex.jar;play-services-base-18.5.0.dex.jar;play-services-basement-18.4.0.dex.jar;play-services-cloud-messaging-17.0.1.dex.jar;play-services-location-21.0.1.dex.jar;play-services-maps-18.1.0.dex.jar;play-services-measurement-base-20.1.2.dex.jar;play-services-measurement-sdk-api-20.1.2.dex.jar;play-services-stats-17.0.2.dex.jar;play-services-tasks-18.2.0.dex.jar;print-1.0.0.dex.jar;profileinstaller-1.3.0.dex.jar;room-common-2.2.5.dex.jar;room-runtime-2.2.5.dex.jar;savedstate-1.2.1.dex.jar;sqlite-2.1.0.dex.jar;sqlite-framework-2.1.0.dex.jar;startup-runtime-1.1.1.dex.jar;tracing-1.2.0.dex.jar;transport-api-3.0.0.dex.jar;transport-backend-cct-3.1.8.dex.jar;transport-runtime-3.1.8.dex.jar;user-messaging-platform-2.0.0.dex.jar;vectordrawable-1.1.0.dex.jar;vectordrawable-animated-1.1.0.dex.jar;versionedparcelable-1.1.1.dex.jar;viewpager-1.0.0.dex.jar;work-runtime-2.7.0.dex.jar</EnabledSysJars>
    </PropertyGroup>
    <PropertyGroup Condition="'$(Base_Android64)'!=''">
        <Android_LauncherIcon192>$(BDS)\bin\Artwork\Android\FM_LauncherIcon_192x192.png</Android_LauncherIcon192>
        <EnabledSysJars>activity-1.7.2.dex.jar;annotation-experimental-1.4.1.dex.jar;annotation-jvm-1.8.1.dex.jar;annotations-23.0.0.dex.jar;appcompat-1.2.0.dex.jar;appcompat-resources-1.2.0.dex.jar;billing-7.1.1.dex.jar;biometric-1.1.0.dex.jar;browser-1.4.0.dex.jar;cloud-messaging.dex.jar;collection-jvm-1.4.2.dex.jar;concurrent-futures-1.1.0.dex.jar;core-1.17.0.dex.jar;core-common-2.2.0.dex.jar;core-ktx-1.17.0.dex.jar;core-runtime-2.2.0.dex.jar;core-viewtree-1.0.0.dex.jar;cursoradapter-1.0.0.dex.jar;customview-1.0.0.dex.jar;documentfile-1.0.0.dex.jar;drawerlayout-1.0.0.dex.jar;error_prone_annotations-2.9.0.dex.jar;exifinterface-1.3.6.dex.jar;firebase-annotations-16.2.0.dex.jar;firebase-common-20.3.1.dex.jar;firebase-components-17.1.0.dex.jar;firebase-datatransport-18.1.7.dex.jar;firebase-encoders-17.0.0.dex.jar;firebase-encoders-json-18.0.0.dex.jar;firebase-encoders-proto-16.0.0.dex.jar;firebase-iid-interop-17.1.0.dex.jar;firebase-installations-17.1.3.dex.jar;firebase-installations-interop-17.1.0.dex.jar;firebase-measurement-connector-19.0.0.dex.jar;firebase-messaging-23.1.2.dex.jar;fmx.dex.jar;fragment-1.2.5.dex.jar;google-play-licensing.dex.jar;interpolator-1.0.0.dex.jar;javax.inject-1.dex.jar;jspecify-1.0.0.dex.jar;kotlin-stdlib-2.1.21.dex.jar;kotlinx-coroutines-android-1.8.1.dex.jar;kotlinx-coroutines-core-jvm-1.8.1.dex.jar;legacy-support-core-utils-1.0.0.dex.jar;lifecycle-common-2.6.2.dex.jar;lifecycle-livedata-2.6.2.dex.jar;lifecycle-livedata-core-2.6.2.dex.jar;lifecycle-runtime-2.6.2.dex.jar;lifecycle-service-2.6.2.dex.jar;lifecycle-viewmodel-2.6.2.dex.jar;lifecycle-viewmodel-savedstate-2.6.2.dex.jar;listenablefuture-1.0.dex.jar;loader-1.0.0.dex.jar;localbroadcastmanager-1.0.0.dex.jar;okio-jvm-3.4.0.dex.jar;play-services-ads-22.2.0.dex.jar;play-services-ads-base-22.2.0.dex.jar;play-services-ads-identifier-18.0.0.dex.jar;play-services-ads-lite-22.2.0.dex.jar;play-services-appset-16.0.1.dex.jar;play-services-base-18.5.0.dex.jar;play-services-basement-18.4.0.dex.jar;play-services-cloud-messaging-17.0.1.dex.jar;play-services-location-21.0.1.dex.jar;play-services-maps-18.1.0.dex.jar;play-services-measurement-base-20.1.2.dex.jar;play-services-measurement-sdk-api-20.1.2.dex.jar;play-services-stats-17.0.2.dex.jar;play-services-tasks-18.2.0.dex.jar;print-1.0.0.dex.jar;profileinstaller-1.3.0.dex.jar;room-common-2.2.5.dex.jar;room-runtime-2.2.5.dex.jar;savedstate-1.2.1.dex.jar;sqlite-2.1.0.dex.jar;sqlite-framework-2.1.0.dex.jar;startup-runtime-1.1.1.dex.jar;tracing-1.2.0.dex.jar;transport-api-3.0.0.dex.jar;transport-backend-cct-3.1.8.dex.jar;transport-runtime-3.1.8.dex.jar;user-messaging-platform-2.0.0.dex.jar;vectordrawable-1.1.0.dex.jar;vectordrawable-animated-1.1.0.dex.jar;versionedparcelable-1.1.1.dex.jar;viewpager-1.0.0.dex.jar;work-runtime-2.7.0.dex.jar</EnabledSysJars>
    </PropertyGroup>
    <PropertyGroup Condition="'$(Base_iOSDevice64)'!=''">
        <iOS_AppStore1024>$(BDS)\bin\Artwork\iOS\iPhone\FM_ApplicationIcon_1024x1024.png</iOS_AppStore1024>
    </PropertyGroup>
    <PropertyGroup Condition="'$(Base_Win32)'!=''">
        <BT_BuildType>Debug</BT_BuildType>
        <VerInfo_Keys>CompanyName=;FileDescription=$(MSBuildProjectName);FileVersion=1.0.0.0;InternalName=;LegalCopyright=;LegalTrademarks=;OriginalFilename=;ProgramID=com.embarcadero.$(MSBuildProjectName);ProductName=$(MSBuildProjectName);ProductVersion=1.0.0.0;Comments=</VerInfo_Keys>
        <VerInfo_Locale>1033</VerInfo_Locale>
        <Manifest_File>(None)</Manifest_File>
        <AppDPIAwarenessMode>none</AppDPIAwarenessMode>
    </PropertyGroup>
    <PropertyGroup Condition="'$(Base_Win64)'!=''">
        <BT_BuildType>Debug</BT_BuildType>
        <VerInfo_Keys>CompanyName=;FileDescription=$(MSBuildProjectName);FileVersion=1.0.0.0;InternalName=;LegalCopyright=;LegalTrademarks=;OriginalFilename=;ProgramID=com.embarcadero.$(MSBuildProjectName);ProductName=$(MSBuildProjectName);ProductVersion=1.0.0.0;Comments=</VerInfo_Keys>
        <VerInfo_Locale>1033</VerInfo_Locale>
        <Manifest_File>(None)</Manifest_File>
        <AppDPIAwarenessMode>none</AppDPIAwarenessMode>
    </PropertyGroup>
    <PropertyGroup Condition="'$(Cfg_1)'!=''">
        <DCC_Define>RELEASE;$(DCC_Define)</DCC_Define>
        <DCC_DebugInformation>0</DCC_DebugInformation>
        <DCC_LocalDebugSymbols>false</DCC_LocalDebugSymbols>
        <DCC_SymbolReferenceInfo>0</DCC_SymbolReferenceInfo>
    </PropertyGroup>
    <PropertyGroup Condition="'$(Cfg_1_Win32)'!=''">
        <VerInfo_Locale>1033</VerInfo_Locale>
        <VerInfo_Keys>CompanyName=;FileDescription=$(MSBuildProjectName);FileVersion=1.0.0.0;InternalName=;LegalCopyright=;LegalTrademarks=;OriginalFilename=;ProgramID=com.embarcadero.$(MSBuildProjectName);ProductName=$(MSBuildProjectName);ProductVersion=1.0.0.0;Comments=</VerInfo_Keys>
    </PropertyGroup>
    <PropertyGroup Condition="'$(Cfg_1_Win64)'!=''">
        <VerInfo_Locale>1033</VerInfo_Locale>
        <VerInfo_Keys>CompanyName=;FileDescription=$(MSBuildProjectName);FileVersion=1.0.0.0;InternalName=;LegalCopyright=;LegalTrademarks=;OriginalFilename=;ProgramID=com.embarcadero.$(MSBuildProjectName);ProductName=$(MSBuildProjectName);ProductVersion=1.0.0.0;Comments=</VerInfo_Keys>
    </PropertyGroup>
    <PropertyGroup Condition="'$(Cfg_2)'!=''">
        <DCC_Define>DEBUG;$(DCC_Define)</DCC_Define>
        <DCC_Optimize>false</DCC_Optimize>
        <DCC_GenerateStackFrames>true</DCC_GenerateStackFrames>
        <DCC_RangeChecking>true</DCC_RangeChecking>
        <DCC_IntegerOverflowCheck>true</DCC_IntegerOverflowCheck>
    </PropertyGroup>
    <PropertyGroup Condition="'$(Cfg_2_Android64)'!=''">
        <BT_BuildType>Debug</BT_BuildType>
    </PropertyGroup>
    <PropertyGroup Condition="'$(Cfg_2_iOSDevice64)'!=''">
        <BT_BuildType>Debug</BT_BuildType>
    </PropertyGroup>
    <PropertyGroup Condition="'$(Cfg_2_OSX64)'!=''">
        <BT_BuildType>Debug</BT_BuildType>
    </PropertyGroup>
    <PropertyGroup Condition="'$(Cfg_2_OSXARM64)'!=''">
        <BT_BuildType>Debug</BT_BuildType>
    </PropertyGroup>
    <PropertyGroup Condition="'$(Cfg_2_Win32)'!=''">
        <VerInfo_Locale>1033</VerInfo_Locale>
        <VerInfo_Keys>CompanyName=;FileDescription=$(MSBuildProjectName);FileVersion=1.0.0.0;InternalName=;LegalCopyright=;LegalTrademarks=;OriginalFilename=;ProgramID=com.embarcadero.$(MSBuildProjectName);ProductName=$(MSBuildProjectName);ProductVersion=1.0.0.0;Comments=</VerInfo_Keys>
    </PropertyGroup>
    <PropertyGroup Condition="'$(Cfg_2_Win64)'!=''">
        <VerInfo_Locale>1033</VerInfo_Locale>
        <VerInfo_Keys>CompanyName=;FileDescription=$(MSBuildProjectName);FileVersion=1.0.0.0;InternalName=;LegalCopyright=;LegalTrademarks=;OriginalFilename=;ProgramID=com.embarcadero.$(MSBuildProjectName);ProductName=$(MSBuildProjectName);ProductVersion=1.0.0.0;Comments=</VerInfo_Keys>
    </PropertyGroup>
    <ItemGroup>
        <DelphiCompile Include="$(MainSource)">
            <MainSource>MainSource</MainSource>
        </DelphiCompile>
        <DCCReference Include="Trysil.Tests.Config.pas"/>
        <DCCReference Include="Trysil.Tests.Types.pas"/>
        <DCCReference Include="Trysil.Tests.IdentityMap.pas"/>
        <DCCReference Include="Trysil.Tests.Mapping.pas"/>
        <DCCReference Include="Trysil.Tests.Filter.pas"/>
        <DCCReference Include="Trysil.Tests.Model.pas"/>
        <DCCReference Include="Abstract\Trysil.Tests.Abstract.Base.pas"/>
        <DCCReference Include="Abstract\Trysil.Tests.Abstract.Crud.pas"/>
        <DCCReference Include="Abstract\Trysil.Tests.Abstract.ChangeTracking.pas"/>
        <DCCReference Include="Abstract\Trysil.Tests.Abstract.IdentityMap.pas"/>
        <DCCReference Include="Abstract\Trysil.Tests.Abstract.Validation.pas"/>
        <DCCReference Include="Abstract\Trysil.Tests.Abstract.Join.pas"/>
        <DCCReference Include="Abstract\Trysil.Tests.Abstract.Session.pas"/>
        <DCCReference Include="Abstract\Trysil.Tests.Abstract.Transaction.pas"/>
        <DCCReference Include="Abstract\Trysil.Tests.Abstract.Lazy.pas"/>
        <DCCReference Include="Abstract\Trysil.Tests.Abstract.Events.pas"/>
        <DCCReference Include="Abstract\Trysil.Tests.Abstract.Relation.pas"/>
        <DCCReference Include="Abstract\Trysil.Tests.Abstract.ContextApi.pas"/>
        <DCCReference Include="Abstract\Trysil.Tests.Abstract.UpdateMode.pas"/>
        <DCCReference Include="Trysil.Tests.Http.Exceptions.pas"/>
        <DCCReference Include="Trysil.Tests.Http.JWT.pas"/>
        <DCCReference Include="Trysil.Tests.Http.Uri.pas"/>
        <DCCReference Include="Trysil.Tests.Http.Log.pas"/>
        <DCCReference Include="Trysil.Tests.Logger.pas"/>
        <DCCReference Include="Abstract\Trysil.Tests.Abstract.JSon.pas"/>
        <DCCReference Include="Abstract\Trysil.Tests.Abstract.AllTypes.pas"/>
        <DCCReference Include="Abstract\Trysil.Tests.Abstract.AllTypesJSon.pas"/>
        <DCCReference Include="Abstract\Trysil.Tests.Abstract.NullablePrimitives.pas"/>
        <DCCReference Include="Abstract\Trysil.Tests.Abstract.NullablePrimitivesJSon.pas"/>
        <DCCReference Include="SQLite\Trysil.Tests.SQLite.Connection.pas"/>
        <DCCReference Include="SQLite\Trysil.Tests.SQLite.Crud.pas"/>
        <DCCReference Include="SQLite\Trysil.Tests.SQLite.ChangeTracking.pas"/>
        <DCCReference Include="SQLite\Trysil.Tests.SQLite.IdentityMap.pas"/>
        <DCCReference Include="SQLite\Trysil.Tests.SQLite.Validation.pas"/>
        <DCCReference Include="SQLite\Trysil.Tests.SQLite.Join.pas"/>
        <DCCReference Include="SQLite\Trysil.Tests.SQLite.Session.pas"/>
        <DCCReference Include="SQLite\Trysil.Tests.SQLite.Transaction.pas"/>
        <DCCReference Include="SQLite\Trysil.Tests.SQLite.Lazy.pas"/>
        <DCCReference Include="SQLite\Trysil.Tests.SQLite.Events.pas"/>
        <DCCReference Include="SQLite\Trysil.Tests.SQLite.Relation.pas"/>
        <DCCReference Include="SQLite\Trysil.Tests.SQLite.ContextApi.pas"/>
        <DCCReference Include="SQLite\Trysil.Tests.SQLite.UpdateMode.pas"/>
        <DCCReference Include="SQLite\Trysil.Tests.SQLite.JSon.pas"/>
        <DCCReference Include="SQLite\Trysil.Tests.SQLite.AllTypes.pas"/>
        <DCCReference Include="SQLite\Trysil.Tests.SQLite.AllTypesJSon.pas"/>
        <DCCReference Include="SQLite\Trysil.Tests.SQLite.NullablePrimitives.pas"/>
        <DCCReference Include="SQLite\Trysil.Tests.SQLite.NullablePrimitivesJSon.pas"/>
        <DCCReference Include="SQLite\Trysil.Tests.SQLite.Register.pas"/>
        <DCCReference Include="SqlServer\Trysil.Tests.SqlServer.Connection.pas"/>
        <DCCReference Include="SqlServer\Trysil.Tests.SqlServer.Crud.pas"/>
        <DCCReference Include="SqlServer\Trysil.Tests.SqlServer.ChangeTracking.pas"/>
        <DCCReference Include="SqlServer\Trysil.Tests.SqlServer.IdentityMap.pas"/>
        <DCCReference Include="SqlServer\Trysil.Tests.SqlServer.Validation.pas"/>
        <DCCReference Include="SqlServer\Trysil.Tests.SqlServer.Join.pas"/>
        <DCCReference Include="SqlServer\Trysil.Tests.SqlServer.Session.pas"/>
        <DCCReference Include="SqlServer\Trysil.Tests.SqlServer.Transaction.pas"/>
        <DCCReference Include="SqlServer\Trysil.Tests.SqlServer.Lazy.pas"/>
        <DCCReference Include="SqlServer\Trysil.Tests.SqlServer.Events.pas"/>
        <DCCReference Include="SqlServer\Trysil.Tests.SqlServer.Relation.pas"/>
        <DCCReference Include="SqlServer\Trysil.Tests.SqlServer.ContextApi.pas"/>
        <DCCReference Include="SqlServer\Trysil.Tests.SqlServer.UpdateMode.pas"/>
        <DCCReference Include="SqlServer\Trysil.Tests.SqlServer.JSon.pas"/>
        <DCCReference Include="SqlServer\Trysil.Tests.SqlServer.AllTypes.pas"/>
        <DCCReference Include="SqlServer\Trysil.Tests.SqlServer.AllTypesJSon.pas"/>
        <DCCReference Include="SqlServer\Trysil.Tests.SqlServer.NullablePrimitives.pas"/>
        <DCCReference Include="SqlServer\Trysil.Tests.SqlServer.NullablePrimitivesJSon.pas"/>
        <DCCReference Include="SqlServer\Trysil.Tests.SqlServer.Register.pas"/>
        <DCCReference Include="PostgreSQL\Trysil.Tests.PostgreSQL.Connection.pas"/>
        <DCCReference Include="PostgreSQL\Trysil.Tests.PostgreSQL.Crud.pas"/>
        <DCCReference Include="PostgreSQL\Trysil.Tests.PostgreSQL.ChangeTracking.pas"/>
        <DCCReference Include="PostgreSQL\Trysil.Tests.PostgreSQL.IdentityMap.pas"/>
        <DCCReference Include="PostgreSQL\Trysil.Tests.PostgreSQL.Validation.pas"/>
        <DCCReference Include="PostgreSQL\Trysil.Tests.PostgreSQL.Join.pas"/>
        <DCCReference Include="PostgreSQL\Trysil.Tests.PostgreSQL.Session.pas"/>
        <DCCReference Include="PostgreSQL\Trysil.Tests.PostgreSQL.Transaction.pas"/>
        <DCCReference Include="PostgreSQL\Trysil.Tests.PostgreSQL.Lazy.pas"/>
        <DCCReference Include="PostgreSQL\Trysil.Tests.PostgreSQL.Events.pas"/>
        <DCCReference Include="PostgreSQL\Trysil.Tests.PostgreSQL.Relation.pas"/>
        <DCCReference Include="PostgreSQL\Trysil.Tests.PostgreSQL.ContextApi.pas"/>
        <DCCReference Include="PostgreSQL\Trysil.Tests.PostgreSQL.UpdateMode.pas"/>
        <DCCReference Include="PostgreSQL\Trysil.Tests.PostgreSQL.JSon.pas"/>
        <DCCReference Include="PostgreSQL\Trysil.Tests.PostgreSQL.AllTypes.pas"/>
        <DCCReference Include="PostgreSQL\Trysil.Tests.PostgreSQL.AllTypesJSon.pas"/>
        <DCCReference Include="PostgreSQL\Trysil.Tests.PostgreSQL.NullablePrimitives.pas"/>
        <DCCReference Include="PostgreSQL\Trysil.Tests.PostgreSQL.NullablePrimitivesJSon.pas"/>
        <DCCReference Include="PostgreSQL\Trysil.Tests.PostgreSQL.Register.pas"/>
        <DCCReference Include="FirebirdSQL\Trysil.Tests.FirebirdSQL.Connection.pas"/>
        <DCCReference Include="FirebirdSQL\Trysil.Tests.FirebirdSQL.Crud.pas"/>
        <DCCReference Include="FirebirdSQL\Trysil.Tests.FirebirdSQL.ChangeTracking.pas"/>
        <DCCReference Include="FirebirdSQL\Trysil.Tests.FirebirdSQL.IdentityMap.pas"/>
        <DCCReference Include="FirebirdSQL\Trysil.Tests.FirebirdSQL.Validation.pas"/>
        <DCCReference Include="FirebirdSQL\Trysil.Tests.FirebirdSQL.Join.pas"/>
        <DCCReference Include="FirebirdSQL\Trysil.Tests.FirebirdSQL.Session.pas"/>
        <DCCReference Include="FirebirdSQL\Trysil.Tests.FirebirdSQL.Transaction.pas"/>
        <DCCReference Include="FirebirdSQL\Trysil.Tests.FirebirdSQL.Lazy.pas"/>
        <DCCReference Include="FirebirdSQL\Trysil.Tests.FirebirdSQL.Events.pas"/>
        <DCCReference Include="FirebirdSQL\Trysil.Tests.FirebirdSQL.Relation.pas"/>
        <DCCReference Include="FirebirdSQL\Trysil.Tests.FirebirdSQL.ContextApi.pas"/>
        <DCCReference Include="FirebirdSQL\Trysil.Tests.FirebirdSQL.UpdateMode.pas"/>
        <DCCReference Include="FirebirdSQL\Trysil.Tests.FirebirdSQL.JSon.pas"/>
        <DCCReference Include="FirebirdSQL\Trysil.Tests.FirebirdSQL.AllTypes.pas"/>
        <DCCReference Include="FirebirdSQL\Trysil.Tests.FirebirdSQL.AllTypesJSon.pas"/>
        <DCCReference Include="FirebirdSQL\Trysil.Tests.FirebirdSQL.NullablePrimitives.pas"/>
        <DCCReference Include="FirebirdSQL\Trysil.Tests.FirebirdSQL.NullablePrimitivesJSon.pas"/>
        <DCCReference Include="FirebirdSQL\Trysil.Tests.FirebirdSQL.Register.pas"/>
        <DCCReference Include="InterBase\Trysil.Tests.InterBase.Connection.pas"/>
        <DCCReference Include="InterBase\Trysil.Tests.InterBase.Crud.pas"/>
        <DCCReference Include="InterBase\Trysil.Tests.InterBase.ChangeTracking.pas"/>
        <DCCReference Include="InterBase\Trysil.Tests.InterBase.IdentityMap.pas"/>
        <DCCReference Include="InterBase\Trysil.Tests.InterBase.Validation.pas"/>
        <DCCReference Include="InterBase\Trysil.Tests.InterBase.Join.pas"/>
        <DCCReference Include="InterBase\Trysil.Tests.InterBase.Session.pas"/>
        <DCCReference Include="InterBase\Trysil.Tests.InterBase.Transaction.pas"/>
        <DCCReference Include="InterBase\Trysil.Tests.InterBase.Lazy.pas"/>
        <DCCReference Include="InterBase\Trysil.Tests.InterBase.Events.pas"/>
        <DCCReference Include="InterBase\Trysil.Tests.InterBase.Relation.pas"/>
        <DCCReference Include="InterBase\Trysil.Tests.InterBase.ContextApi.pas"/>
        <DCCReference Include="InterBase\Trysil.Tests.InterBase.UpdateMode.pas"/>
        <DCCReference Include="InterBase\Trysil.Tests.InterBase.JSon.pas"/>
        <DCCReference Include="InterBase\Trysil.Tests.InterBase.AllTypes.pas"/>
        <DCCReference Include="InterBase\Trysil.Tests.InterBase.AllTypesJSon.pas"/>
        <DCCReference Include="InterBase\Trysil.Tests.InterBase.NullablePrimitives.pas"/>
        <DCCReference Include="InterBase\Trysil.Tests.InterBase.NullablePrimitivesJSon.pas"/>
        <DCCReference Include="InterBase\Trysil.Tests.InterBase.Register.pas"/>
        <DCCReference Include="MariaDB\Trysil.Tests.MariaDB.Connection.pas"/>
        <DCCReference Include="MariaDB\Trysil.Tests.MariaDB.Crud.pas"/>
        <DCCReference Include="MariaDB\Trysil.Tests.MariaDB.ChangeTracking.pas"/>
        <DCCReference Include="MariaDB\Trysil.Tests.MariaDB.IdentityMap.pas"/>
        <DCCReference Include="MariaDB\Trysil.Tests.MariaDB.Validation.pas"/>
        <DCCReference Include="MariaDB\Trysil.Tests.MariaDB.Join.pas"/>
        <DCCReference Include="MariaDB\Trysil.Tests.MariaDB.Session.pas"/>
        <DCCReference Include="MariaDB\Trysil.Tests.MariaDB.Transaction.pas"/>
        <DCCReference Include="MariaDB\Trysil.Tests.MariaDB.Lazy.pas"/>
        <DCCReference Include="MariaDB\Trysil.Tests.MariaDB.Events.pas"/>
        <DCCReference Include="MariaDB\Trysil.Tests.MariaDB.Relation.pas"/>
        <DCCReference Include="MariaDB\Trysil.Tests.MariaDB.ContextApi.pas"/>
        <DCCReference Include="MariaDB\Trysil.Tests.MariaDB.UpdateMode.pas"/>
        <DCCReference Include="MariaDB\Trysil.Tests.MariaDB.JSon.pas"/>
        <DCCReference Include="MariaDB\Trysil.Tests.MariaDB.AllTypes.pas"/>
        <DCCReference Include="MariaDB\Trysil.Tests.MariaDB.AllTypesJSon.pas"/>
        <DCCReference Include="MariaDB\Trysil.Tests.MariaDB.NullablePrimitives.pas"/>
        <DCCReference Include="MariaDB\Trysil.Tests.MariaDB.NullablePrimitivesJSon.pas"/>
        <DCCReference Include="MariaDB\Trysil.Tests.MariaDB.Register.pas"/>
        <DCCReference Include="Oracle\Trysil.Tests.Oracle.Connection.pas"/>
        <DCCReference Include="Oracle\Trysil.Tests.Oracle.Crud.pas"/>
        <DCCReference Include="Oracle\Trysil.Tests.Oracle.ChangeTracking.pas"/>
        <DCCReference Include="Oracle\Trysil.Tests.Oracle.IdentityMap.pas"/>
        <DCCReference Include="Oracle\Trysil.Tests.Oracle.Validation.pas"/>
        <DCCReference Include="Oracle\Trysil.Tests.Oracle.Join.pas"/>
        <DCCReference Include="Oracle\Trysil.Tests.Oracle.Session.pas"/>
        <DCCReference Include="Oracle\Trysil.Tests.Oracle.Transaction.pas"/>
        <DCCReference Include="Oracle\Trysil.Tests.Oracle.Lazy.pas"/>
        <DCCReference Include="Oracle\Trysil.Tests.Oracle.Events.pas"/>
        <DCCReference Include="Oracle\Trysil.Tests.Oracle.Relation.pas"/>
        <DCCReference Include="Oracle\Trysil.Tests.Oracle.ContextApi.pas"/>
        <DCCReference Include="Oracle\Trysil.Tests.Oracle.UpdateMode.pas"/>
        <DCCReference Include="Oracle\Trysil.Tests.Oracle.JSon.pas"/>
        <DCCReference Include="Oracle\Trysil.Tests.Oracle.AllTypes.pas"/>
        <DCCReference Include="Oracle\Trysil.Tests.Oracle.AllTypesJSon.pas"/>
        <DCCReference Include="Oracle\Trysil.Tests.Oracle.NullablePrimitives.pas"/>
        <DCCReference Include="Oracle\Trysil.Tests.Oracle.NullablePrimitivesJSon.pas"/>
        <DCCReference Include="Oracle\Trysil.Tests.Oracle.Register.pas"/>
        <BuildConfiguration Include="Base">
            <Key>Base</Key>
        </BuildConfiguration>
        <BuildConfiguration Include="Release">
            <Key>Cfg_1</Key>
            <CfgParent>Base</CfgParent>
        </BuildConfiguration>
        <BuildConfiguration Include="Debug">
            <Key>Cfg_2</Key>
            <CfgParent>Base</CfgParent>
        </BuildConfiguration>
    </ItemGroup>
    <ProjectExtensions>
        <Borland.Personality>Delphi.Personality.12</Borland.Personality>
        <Borland.ProjectType/>
        <BorlandProject>
            <Delphi.Personality>
                <Source>
                    <Source Name="MainSource">Trysil.Tests.Runner.dpr</Source>
                </Source>
                <Excluded_Packages>
                    <Excluded_Packages Name="$(BDSBIN)\dcloffice2k370.bpl">Microsoft Office 2000 Sample Automation Server Wrapper Components</Excluded_Packages>
                    <Excluded_Packages Name="$(BDSBIN)\dclofficexp370.bpl">Microsoft Office XP Sample Automation Server Wrapper Components</Excluded_Packages>
                </Excluded_Packages>
            </Delphi.Personality>
            <Platforms>
                <Platform value="Android">False</Platform>
                <Platform value="Android64">False</Platform>
                <Platform value="iOSDevice64">False</Platform>
                <Platform value="iOSSimARM64">False</Platform>
                <Platform value="Linux64">False</Platform>
                <Platform value="OSX64">False</Platform>
                <Platform value="OSXARM64">False</Platform>
                <Platform value="Win32">True</Platform>
                <Platform value="Win64">True</Platform>
            </Platforms>
        </BorlandProject>
        <ProjectFileVersion>12</ProjectFileVersion>
    </ProjectExtensions>
    <Import Project="$(BDS)\Bin\CodeGear.Delphi.Targets" Condition="Exists('$(BDS)\Bin\CodeGear.Delphi.Targets')"/>
    <Import Project="$(APPDATA)\Embarcadero\$(BDSAPPDATABASEDIR)\$(PRODUCTVERSION)\UserTools.proj" Condition="Exists('$(APPDATA)\Embarcadero\$(BDSAPPDATABASEDIR)\$(PRODUCTVERSION)\UserTools.proj')"/>
</Project>
